// !$*UTF8*$!
{
	archiveVersion = 1;
	classes = {
	};
	objectVersion = 50;
	objects = {

/* Begin PBXBuildFile section */
		0D1FCC5223FC5B4200CE9919 /* Converter.swift in Sources */ = {isa = PBXBuildFile; fileRef = 0D1FCC5123FC5B4200CE9919 /* Converter.swift */; };
		0D1FCC5423FC5B4B00CE9919 /* Data Manager.swift in Sources */ = {isa = PBXBuildFile; fileRef = 0D1FCC5323FC5B4B00CE9919 /* Data Manager.swift */; };
		0D2F4FB4241656F70005341F /* CurrencySelectTableViewController.swift in Sources */ = {isa = PBXBuildFile; fileRef = 0D2F4FB3241656F70005341F /* CurrencySelectTableViewController.swift */; };
		0D513B7823F19ABD00F82291 /* AppDelegate.swift in Sources */ = {isa = PBXBuildFile; fileRef = 0D513B7723F19ABD00F82291 /* AppDelegate.swift */; };
		0D513B7A23F19ABD00F82291 /* SceneDelegate.swift in Sources */ = {isa = PBXBuildFile; fileRef = 0D513B7923F19ABD00F82291 /* SceneDelegate.swift */; };
		0D513B7C23F19ABD00F82291 /* ViewController.swift in Sources */ = {isa = PBXBuildFile; fileRef = 0D513B7B23F19ABD00F82291 /* ViewController.swift */; };
		0D513B7F23F19ABD00F82291 /* Main.storyboard in Resources */ = {isa = PBXBuildFile; fileRef = 0D513B7D23F19ABD00F82291 /* Main.storyboard */; };
		0D513B8123F19AC400F82291 /* Assets.xcassets in Resources */ = {isa = PBXBuildFile; fileRef = 0D513B8023F19AC400F82291 /* Assets.xcassets */; };
		0D513B8423F19AC400F82291 /* LaunchScreen.storyboard in Resources */ = {isa = PBXBuildFile; fileRef = 0D513B8223F19AC400F82291 /* LaunchScreen.storyboard */; };
		0DFB34B02423A7CB007E8A49 /* Currency.swift in Sources */ = {isa = PBXBuildFile; fileRef = 0DFB34AF2423A7CB007E8A49 /* Currency.swift */; };
		0DFB34B22423A832007E8A49 /* ExchangeRate.swift in Sources */ = {isa = PBXBuildFile; fileRef = 0DFB34B12423A832007E8A49 /* ExchangeRate.swift */; };
		0DFB34B42423A8E4007E8A49 /* RemoteUrl.swift in Sources */ = {isa = PBXBuildFile; fileRef = 0DFB34B32423A8E4007E8A49 /* RemoteUrl.swift */; };
		0DFB34B62423A8ED007E8A49 /* LocalUrl.swift in Sources */ = {isa = PBXBuildFile; fileRef = 0DFB34B52423A8ED007E8A49 /* LocalUrl.swift */; };
		0DFB34BC2423AE83007E8A49 /* HomeViewModel.swift in Sources */ = {isa = PBXBuildFile; fileRef = 0DFB34BB2423AE83007E8A49 /* HomeViewModel.swift */; };
		0DFB34C12423AFF0007E8A49 /* Box.swift in Sources */ = {isa = PBXBuildFile; fileRef = 0DFB34C02423AFF0007E8A49 /* Box.swift */; };
		0DFB34C32424241F007E8A49 /* Convertion.swift in Sources */ = {isa = PBXBuildFile; fileRef = 0DFB34C22424241F007E8A49 /* Convertion.swift */; };
/* End PBXBuildFile section */

/* Begin PBXFileReference section */
		0D1FCC5123FC5B4200CE9919 /* Converter.swift */ = {isa = PBXFileReference; lastKnownFileType = sourcecode.swift; path = Converter.swift; sourceTree = "<group>"; };
		0D1FCC5323FC5B4B00CE9919 /* Data Manager.swift */ = {isa = PBXFileReference; lastKnownFileType = sourcecode.swift; path = "Data Manager.swift"; sourceTree = "<group>"; };
		0D2F4FB3241656F70005341F /* CurrencySelectTableViewController.swift */ = {isa = PBXFileReference; lastKnownFileType = sourcecode.swift; path = CurrencySelectTableViewController.swift; sourceTree = "<group>"; };
		0D513B7423F19ABD00F82291 /* ExchangeRate.app */ = {isa = PBXFileReference; explicitFileType = wrapper.application; includeInIndex = 0; path = ExchangeRate.app; sourceTree = BUILT_PRODUCTS_DIR; };
		0D513B7723F19ABD00F82291 /* AppDelegate.swift */ = {isa = PBXFileReference; lastKnownFileType = sourcecode.swift; path = AppDelegate.swift; sourceTree = "<group>"; };
		0D513B7923F19ABD00F82291 /* SceneDelegate.swift */ = {isa = PBXFileReference; lastKnownFileType = sourcecode.swift; path = SceneDelegate.swift; sourceTree = "<group>"; };
		0D513B7B23F19ABD00F82291 /* ViewController.swift */ = {isa = PBXFileReference; lastKnownFileType = sourcecode.swift; path = ViewController.swift; sourceTree = "<group>"; };
		0D513B7E23F19ABD00F82291 /* Base */ = {isa = PBXFileReference; lastKnownFileType = file.storyboard; name = Base; path = Base.lproj/Main.storyboard; sourceTree = "<group>"; };
		0D513B8023F19AC400F82291 /* Assets.xcassets */ = {isa = PBXFileReference; lastKnownFileType = folder.assetcatalog; path = Assets.xcassets; sourceTree = "<group>"; };
		0D513B8323F19AC400F82291 /* Base */ = {isa = PBXFileReference; lastKnownFileType = file.storyboard; name = Base; path = Base.lproj/LaunchScreen.storyboard; sourceTree = "<group>"; };
		0D513B8523F19AC400F82291 /* Info.plist */ = {isa = PBXFileReference; lastKnownFileType = text.plist.xml; path = Info.plist; sourceTree = "<group>"; };
		0DFB34AF2423A7CB007E8A49 /* Currency.swift */ = {isa = PBXFileReference; lastKnownFileType = sourcecode.swift; path = Currency.swift; sourceTree = "<group>"; };
		0DFB34B12423A832007E8A49 /* ExchangeRate.swift */ = {isa = PBXFileReference; lastKnownFileType = sourcecode.swift; path = ExchangeRate.swift; sourceTree = "<group>"; };
		0DFB34B32423A8E4007E8A49 /* RemoteUrl.swift */ = {isa = PBXFileReference; lastKnownFileType = sourcecode.swift; path = RemoteUrl.swift; sourceTree = "<group>"; };
		0DFB34B52423A8ED007E8A49 /* LocalUrl.swift */ = {isa = PBXFileReference; lastKnownFileType = sourcecode.swift; path = LocalUrl.swift; sourceTree = "<group>"; };
		0DFB34BB2423AE83007E8A49 /* HomeViewModel.swift */ = {isa = PBXFileReference; lastKnownFileType = sourcecode.swift; path = HomeViewModel.swift; sourceTree = "<group>"; };
		0DFB34C02423AFF0007E8A49 /* Box.swift */ = {isa = PBXFileReference; lastKnownFileType = sourcecode.swift; path = Box.swift; sourceTree = "<group>"; };
		0DFB34C22424241F007E8A49 /* Convertion.swift */ = {isa = PBXFileReference; lastKnownFileType = sourcecode.swift; path = Convertion.swift; sourceTree = "<group>"; };
/* End PBXFileReference section */

/* Begin PBXFrameworksBuildPhase section */
		0D513B7123F19ABD00F82291 /* Frameworks */ = {
			isa = PBXFrameworksBuildPhase;
			buildActionMask = 2147483647;
			files = (
			);
			runOnlyForDeploymentPostprocessing = 0;
		};
/* End PBXFrameworksBuildPhase section */

/* Begin PBXGroup section */
		0D513B6B23F19ABD00F82291 = {
			isa = PBXGroup;
			children = (
				0D513B7623F19ABD00F82291 /* ExchangeRate */,
				0D513B7523F19ABD00F82291 /* Products */,
			);
			sourceTree = "<group>";
		};
		0D513B7523F19ABD00F82291 /* Products */ = {
			isa = PBXGroup;
			children = (
				0D513B7423F19ABD00F82291 /* ExchangeRate.app */,
			);
			name = Products;
			sourceTree = "<group>";
		};
		0D513B7623F19ABD00F82291 /* ExchangeRate */ = {
			isa = PBXGroup;
			children = (
				0DFB34BF2423AFC4007E8A49 /* Utilities */,
				0DFB34BA2423ABDD007E8A49 /* Services */,
				0DFB34B92423AA51007E8A49 /* Views */,
				0DFB34B82423A9E3007E8A49 /* View Models */,
				0DFB34B72423A9CC007E8A49 /* View Controllers */,
				0D513B7723F19ABD00F82291 /* AppDelegate.swift */,
				0D513B7923F19ABD00F82291 /* SceneDelegate.swift */,
				0DFB34AE2423A6FB007E8A49 /* Models */,
				0D513B8023F19AC400F82291 /* Assets.xcassets */,
				0D513B8223F19AC400F82291 /* LaunchScreen.storyboard */,
				0D513B8523F19AC400F82291 /* Info.plist */,
			);
			path = ExchangeRate;
			sourceTree = "<group>";
		};
		0DFB34AE2423A6FB007E8A49 /* Models */ = {
			isa = PBXGroup;
			children = (
				0DFB34AF2423A7CB007E8A49 /* Currency.swift */,
				0DFB34B12423A832007E8A49 /* ExchangeRate.swift */,
				0DFB34B32423A8E4007E8A49 /* RemoteUrl.swift */,
				0DFB34B52423A8ED007E8A49 /* LocalUrl.swift */,
				0DFB34C22424241F007E8A49 /* Convertion.swift */,
			);
			path = Models;
			sourceTree = "<group>";
		};
		0DFB34B72423A9CC007E8A49 /* View Controllers */ = {
			isa = PBXGroup;
			children = (
				0D513B7B23F19ABD00F82291 /* ViewController.swift */,
				0D2F4FB3241656F70005341F /* CurrencySelectTableViewController.swift */,
			);
			path = "View Controllers";
			sourceTree = "<group>";
		};
		0DFB34B82423A9E3007E8A49 /* View Models */ = {
			isa = PBXGroup;
			children = (
				0DFB34BB2423AE83007E8A49 /* HomeViewModel.swift */,
			);
			path = "View Models";
			sourceTree = "<group>";
		};
		0DFB34B92423AA51007E8A49 /* Views */ = {
			isa = PBXGroup;
			children = (
				0D513B7D23F19ABD00F82291 /* Main.storyboard */,
			);
			path = Views;
			sourceTree = "<group>";
		};
		0DFB34BA2423ABDD007E8A49 /* Services */ = {
			isa = PBXGroup;
			children = (
				0D1FCC5123FC5B4200CE9919 /* Converter.swift */,
				0D1FCC5323FC5B4B00CE9919 /* Data Manager.swift */,
			);
			path = Services;
			sourceTree = "<group>";
		};
		0DFB34BF2423AFC4007E8A49 /* Utilities */ = {
			isa = PBXGroup;
			children = (
				0DFB34C02423AFF0007E8A49 /* Box.swift */,
			);
			path = Utilities;
			sourceTree = "<group>";
		};
/* End PBXGroup section */

/* Begin PBXNativeTarget section */
		0D513B7323F19ABD00F82291 /* ExchangeRate */ = {
			isa = PBXNativeTarget;
			buildConfigurationList = 0D513B8823F19AC400F82291 /* Build configuration list for PBXNativeTarget "ExchangeRate" */;
			buildPhases = (
				0D513B7023F19ABD00F82291 /* Sources */,
				0D513B7123F19ABD00F82291 /* Frameworks */,
				0D513B7223F19ABD00F82291 /* Resources */,
			);
			buildRules = (
			);
			dependencies = (
			);
			name = ExchangeRate;
			productName = ExchangeRate;
			productReference = 0D513B7423F19ABD00F82291 /* ExchangeRate.app */;
			productType = "com.apple.product-type.application";
		};
/* End PBXNativeTarget section */

/* Begin PBXProject section */
		0D513B6C23F19ABD00F82291 /* Project object */ = {
			isa = PBXProject;
			attributes = {
				LastSwiftUpdateCheck = 1130;
				LastUpgradeCheck = 1130;
				ORGANIZATIONNAME = "Aleksandr Svetilov";
				TargetAttributes = {
					0D513B7323F19ABD00F82291 = {
						CreatedOnToolsVersion = 11.3.1;
					};
				};
			};
			buildConfigurationList = 0D513B6F23F19ABD00F82291 /* Build configuration list for PBXProject "ExchangeRate" */;
			compatibilityVersion = "Xcode 9.3";
			developmentRegion = en;
			hasScannedForEncodings = 0;
			knownRegions = (
				en,
				Base,
			);
			mainGroup = 0D513B6B23F19ABD00F82291;
			productRefGroup = 0D513B7523F19ABD00F82291 /* Products */;
			projectDirPath = "";
			projectRoot = "";
			targets = (
				0D513B7323F19ABD00F82291 /* ExchangeRate */,
			);
		};
/* End PBXProject section */

/* Begin PBXResourcesBuildPhase section */
		0D513B7223F19ABD00F82291 /* Resources */ = {
			isa = PBXResourcesBuildPhase;
			buildActionMask = 2147483647;
			files = (
				0D513B8423F19AC400F82291 /* LaunchScreen.storyboard in Resources */,
				0D513B8123F19AC400F82291 /* Assets.xcassets in Resources */,
				0D513B7F23F19ABD00F82291 /* Main.storyboard in Resources */,
			);
			runOnlyForDeploymentPostprocessing = 0;
		};
/* End PBXResourcesBuildPhase section */

/* Begin PBXSourcesBuildPhase section */
		0D513B7023F19ABD00F82291 /* Sources */ = {
			isa = PBXSourcesBuildPhase;
			buildActionMask = 2147483647;
			files = (
				0DFB34B02423A7CB007E8A49 /* Currency.swift in Sources */,
				0D513B7C23F19ABD00F82291 /* ViewController.swift in Sources */,
				0DFB34BC2423AE83007E8A49 /* HomeViewModel.swift in Sources */,
				0D1FCC5423FC5B4B00CE9919 /* Data Manager.swift in Sources */,
				0DFB34C32424241F007E8A49 /* Convertion.swift in Sources */,
				0D2F4FB4241656F70005341F /* CurrencySelectTableViewController.swift in Sources */,
				0DFB34B22423A832007E8A49 /* ExchangeRate.swift in Sources */,
				0DFB34C12423AFF0007E8A49 /* Box.swift in Sources */,
				0D513B7823F19ABD00F82291 /* AppDelegate.swift in Sources */,
				0DFB34B62423A8ED007E8A49 /* LocalUrl.swift in Sources */,
				0D513B7A23F19ABD00F82291 /* SceneDelegate.swift in Sources */,
				0D1FCC5223FC5B4200CE9919 /* Converter.swift in Sources */,
				0DFB34B42423A8E4007E8A49 /* RemoteUrl.swift in Sources */,
			);
			runOnlyForDeploymentPostprocessing = 0;
		};
/* End PBXSourcesBuildPhase section */

/* Begin PBXVariantGroup section */
		0D513B7D23F19ABD00F82291 /* Main.storyboard */ = {
			isa = PBXVariantGroup;
			children = (
				0D513B7E23F19ABD00F82291 /* Base */,
			);
			name = Main.storyboard;
			sourceTree = "<group>";
		};
		0D513B8223F19AC400F82291 /* LaunchScreen.storyboard */ = {
			isa = PBXVariantGroup;
			children = (
				0D513B8323F19AC400F82291 /* Base */,
			);
			name = LaunchScreen.storyboard;
			sourceTree = "<group>";
		};
/* End PBXVariantGroup section */

/* Begin XCBuildConfiguration section */
		0D513B8623F19AC400F82291 /* Debug */ = {
			isa = XCBuildConfiguration;
			buildSettings = {
				ALWAYS_SEARCH_USER_PATHS = NO;
				CLANG_ANALYZER_NONNULL = YES;
				CLANG_ANALYZER_NUMBER_OBJECT_CONVERSION = YES_AGGRESSIVE;
				CLANG_CXX_LANGUAGE_STANDARD = "gnu++14";
				CLANG_CXX_LIBRARY = "libc++";
				CLANG_ENABLE_MODULES = YES;
				CLANG_ENABLE_OBJC_ARC = YES;
				CLANG_ENABLE_OBJC_WEAK = YES;
				CLANG_WARN_BLOCK_CAPTURE_AUTORELEASING = YES;
				CLANG_WARN_BOOL_CONVERSION = YES;
				CLANG_WARN_COMMA = YES;
				CLANG_WARN_CONSTANT_CONVERSION = YES;
				CLANG_WARN_DEPRECATED_OBJC_IMPLEMENTATIONS = YES;
				CLANG_WARN_DIRECT_OBJC_ISA_USAGE = YES_ERROR;
				CLANG_WARN_DOCUMENTATION_COMMENTS = YES;
				CLANG_WARN_EMPTY_BODY = YES;
				CLANG_WARN_ENUM_CONVERSION = YES;
				CLANG_WARN_INFINITE_RECURSION = YES;
				CLANG_WARN_INT_CONVERSION = YES;
				CLANG_WARN_NON_LITERAL_NULL_CONVERSION = YES;
				CLANG_WARN_OBJC_IMPLICIT_RETAIN_SELF = YES;
				CLANG_WARN_OBJC_LITERAL_CONVERSION = YES;
				CLANG_WARN_OBJC_ROOT_CLASS = YES_ERROR;
				CLANG_WARN_RANGE_LOOP_ANALYSIS = YES;
				CLANG_WARN_STRICT_PROTOTYPES = YES;
				CLANG_WARN_SUSPICIOUS_MOVE = YES;
				CLANG_WARN_UNGUARDED_AVAILABILITY = YES_AGGRESSIVE;
				CLANG_WARN_UNREACHABLE_CODE = YES;
				CLANG_WARN__DUPLICATE_METHOD_MATCH = YES;
				COPY_PHASE_STRIP = NO;
				DEBUG_INFORMATION_FORMAT = dwarf;
				ENABLE_STRICT_OBJC_MSGSEND = YES;
				ENABLE_TESTABILITY = YES;
				GCC_C_LANGUAGE_STANDARD = gnu11;
				GCC_DYNAMIC_NO_PIC = NO;
				GCC_NO_COMMON_BLOCKS = YES;
				GCC_OPTIMIZATION_LEVEL = 0;
				GCC_PREPROCESSOR_DEFINITIONS = (
					"DEBUG=1",
					"$(inherited)",
				);
				GCC_WARN_64_TO_32_BIT_CONVERSION = YES;
				GCC_WARN_ABOUT_RETURN_TYPE = YES_ERROR;
				GCC_WARN_UNDECLARED_SELECTOR = YES;
				GCC_WARN_UNINITIALIZED_AUTOS = YES_AGGRESSIVE;
				GCC_WARN_UNUSED_FUNCTION = YES;
				GCC_WARN_UNUSED_VARIABLE = YES;
				IPHONEOS_DEPLOYMENT_TARGET = 13.2;
				MTL_ENABLE_DEBUG_INFO = INCLUDE_SOURCE;
				MTL_FAST_MATH = YES;
				ONLY_ACTIVE_ARCH = YES;
				SDKROOT = iphoneos;
				SWIFT_ACTIVE_COMPILATION_CONDITIONS = DEBUG;
				SWIFT_OPTIMIZATION_LEVEL = "-Onone";
			};
			name = Debug;
		};
		0D513B8723F19AC400F82291 /* Release */ = {
			isa = XCBuildConfiguration;
			buildSettings = {
				ALWAYS_SEARCH_USER_PATHS = NO;
				CLANG_ANALYZER_NONNULL = YES;
				CLANG_ANALYZER_NUMBER_OBJECT_CONVERSION = YES_AGGRESSIVE;
				CLANG_CXX_LANGUAGE_STANDARD = "gnu++14";
				CLANG_CXX_LIBRARY = "libc++";
				CLANG_ENABLE_MODULES = YES;
				CLANG_ENABLE_OBJC_ARC = YES;
				CLANG_ENABLE_OBJC_WEAK = YES;
				CLANG_WARN_BLOCK_CAPTURE_AUTORELEASING = YES;
				CLANG_WARN_BOOL_CONVERSION = YES;
				CLANG_WARN_COMMA = YES;
				CLANG_WARN_CONSTANT_CONVERSION = YES;
				CLANG_WARN_DEPRECATED_OBJC_IMPLEMENTATIONS = YES;
				CLANG_WARN_DIRECT_OBJC_ISA_USAGE = YES_ERROR;
				CLANG_WARN_DOCUMENTATION_COMMENTS = YES;
				CLANG_WARN_EMPTY_BODY = YES;
				CLANG_WARN_ENUM_CONVERSION = YES;
				CLANG_WARN_INFINITE_RECURSION = YES;
				CLANG_WARN_INT_CONVERSION = YES;
				CLANG_WARN_NON_LITERAL_NULL_CONVERSION = YES;
				CLANG_WARN_OBJC_IMPLICIT_RETAIN_SELF = YES;
				CLANG_WARN_OBJC_LITERAL_CONVERSION = YES;
				CLANG_WARN_OBJC_ROOT_CLASS = YES_ERROR;
				CLANG_WARN_RANGE_LOOP_ANALYSIS = YES;
				CLANG_WARN_STRICT_PROTOTYPES = YES;
				CLANG_WARN_SUSPICIOUS_MOVE = YES;
				CLANG_WARN_UNGUARDED_AVAILABILITY = YES_AGGRESSIVE;
				CLANG_WARN_UNREACHABLE_CODE = YES;
				CLANG_WARN__DUPLICATE_METHOD_MATCH = YES;
				COPY_PHASE_STRIP = NO;
				DEBUG_INFORMATION_FORMAT = "dwarf-with-dsym";
				ENABLE_NS_ASSERTIONS = NO;
				ENABLE_STRICT_OBJC_MSGSEND = YES;
				GCC_C_LANGUAGE_STANDARD = gnu11;
				GCC_NO_COMMON_BLOCKS = YES;
				GCC_WARN_64_TO_32_BIT_CONVERSION = YES;
				GCC_WARN_ABOUT_RETURN_TYPE = YES_ERROR;
				GCC_WARN_UNDECLARED_SELECTOR = YES;
				GCC_WARN_UNINITIALIZED_AUTOS = YES_AGGRESSIVE;
				GCC_WARN_UNUSED_FUNCTION = YES;
				GCC_WARN_UNUSED_VARIABLE = YES;
				IPHONEOS_DEPLOYMENT_TARGET = 13.2;
				MTL_ENABLE_DEBUG_INFO = NO;
				MTL_FAST_MATH = YES;
				SDKROOT = iphoneos;
				SWIFT_COMPILATION_MODE = wholemodule;
				SWIFT_OPTIMIZATION_LEVEL = "-O";
				VALIDATE_PRODUCT = YES;
			};
			name = Release;
		};
		0D513B8923F19AC400F82291 /* Debug */ = {
			isa = XCBuildConfiguration;
			buildSettings = {
				ASSETCATALOG_COMPILER_APPICON_NAME = AppIcon;
				CODE_SIGN_STYLE = Automatic;
				DEVELOPMENT_TEAM = U9BNVUZMW2;
				INFOPLIST_FILE = ExchangeRate/Info.plist;
				LD_RUNPATH_SEARCH_PATHS = (
					"$(inherited)",
					"@executable_path/Frameworks",
				);
				PRODUCT_BUNDLE_IDENTIFIER = ryd3rr.ExchangeRate;
				PRODUCT_NAME = "$(TARGET_NAME)";
				SWIFT_VERSION = 5.0;
				TARGETED_DEVICE_FAMILY = 1;
			};
			name = Debug;
		};
		0D513B8A23F19AC400F82291 /* Release */ = {
			isa = XCBuildConfiguration;
			buildSettings = {
				ASSETCATALOG_COMPILER_APPICON_NAME = AppIcon;
				CODE_SIGN_STYLE = Automatic;
				DEVELOPMENT_TEAM = U9BNVUZMW2;
				INFOPLIST_FILE = ExchangeRate/Info.plist;
				LD_RUNPATH_SEARCH_PATHS = (
					"$(inherited)",
					"@executable_path/Frameworks",
				);
				PRODUCT_BUNDLE_IDENTIFIER = ryd3rr.ExchangeRate;
				PRODUCT_NAME = "$(TARGET_NAME)";
				SWIFT_VERSION = 5.0;
				TARGETED_DEVICE_FAMILY = 1;
			};
			name = Release;
		};
/* End XCBuildConfiguration section */

/* Begin XCConfigurationList section */
		0D513B6F23F19ABD00F82291 /* Build configuration list for PBXProject "ExchangeRate" */ = {
			isa = XCConfigurationList;
			buildConfigurations = (
				0D513B8623F19AC400F82291 /* Debug */,
				0D513B8723F19AC400F82291 /* Release */,
			);
			defaultConfigurationIsVisible = 0;
			defaultConfigurationName = Release;
		};
		0D513B8823F19AC400F82291 /* Build configuration list for PBXNativeTarget "ExchangeRate" */ = {
			isa = XCConfigurationList;
			buildConfigurations = (
				0D513B8923F19AC400F82291 /* Debug */,
				0D513B8A23F19AC400F82291 /* Release */,
			);
			defaultConfigurationIsVisible = 0;
			defaultConfigurationName = Release;
		};
/* End XCConfigurationList section */
	};
	rootObject = 0D513B6C23F19ABD00F82291 /* Project object */;
}
